// !$*UTF8*$!
{
	archiveVersion = 1;
	classes = {
	};
	objectVersion = 50;
	objects = {

/* Begin PBXBuildFile section */
		D7E82592234D7370006B170B /* AppDelegate.m in Sources */ = {isa = PBXBuildFile; fileRef = D7E82591234D7370006B170B /* AppDelegate.m */; };
		D7E82595234D7370006B170B /* ViewController.m in Sources */ = {isa = PBXBuildFile; fileRef = D7E82594234D7370006B170B /* ViewController.m */; };
		D7E82598234D7370006B170B /* Main.storyboard in Resources */ = {isa = PBXBuildFile; fileRef = D7E82596234D7370006B170B /* Main.storyboard */; };
		D7E8259A234D7372006B170B /* Assets.xcassets in Resources */ = {isa = PBXBuildFile; fileRef = D7E82599234D7372006B170B /* Assets.xcassets */; };
		D7E8259D234D7372006B170B /* LaunchScreen.storyboard in Resources */ = {isa = PBXBuildFile; fileRef = D7E8259B234D7372006B170B /* LaunchScreen.storyboard */; };
		D7E825A0234D7372006B170B /* main.m in Sources */ = {isa = PBXBuildFile; fileRef = D7E8259F234D7372006B170B /* main.m */; };
		D7E825AA234D7372006B170B /* imTests.m in Sources */ = {isa = PBXBuildFile; fileRef = D7E825A9234D7372006B170B /* imTests.m */; };
		D7E825B5234D7372006B170B /* imUITests.m in Sources */ = {isa = PBXBuildFile; fileRef = D7E825B4234D7372006B170B /* imUITests.m */; };
/* End PBXBuildFile section */

/* Begin PBXContainerItemProxy section */
		D7E825A6234D7372006B170B /* PBXContainerItemProxy */ = {
			isa = PBXContainerItemProxy;
			containerPortal = D7E82585234D7370006B170B /* Project object */;
			proxyType = 1;
			remoteGlobalIDString = D7E8258C234D7370006B170B;
			remoteInfo = im;
		};
		D7E825B1234D7372006B170B /* PBXContainerItemProxy */ = {
			isa = PBXContainerItemProxy;
			containerPortal = D7E82585234D7370006B170B /* Project object */;
			proxyType = 1;
			remoteGlobalIDString = D7E8258C234D7370006B170B;
			remoteInfo = im;
		};
/* End PBXContainerItemProxy section */

/* Begin PBXFileReference section */
		D7E8258D234D7370006B170B /* im.app */ = {isa = PBXFileReference; explicitFileType = wrapper.application; includeInIndex = 0; path = im.app; sourceTree = BUILT_PRODUCTS_DIR; };
		D7E82590234D7370006B170B /* AppDelegate.h */ = {isa = PBXFileReference; lastKnownFileType = sourcecode.c.h; path = AppDelegate.h; sourceTree = "<group>"; };
		D7E82591234D7370006B170B /* AppDelegate.m */ = {isa = PBXFileReference; lastKnownFileType = sourcecode.c.objc; path = AppDelegate.m; sourceTree = "<group>"; };
		D7E82593234D7370006B170B /* ViewController.h */ = {isa = PBXFileReference; lastKnownFileType = sourcecode.c.h; path = ViewController.h; sourceTree = "<group>"; };
		D7E82594234D7370006B170B /* ViewController.m */ = {isa = PBXFileReference; lastKnownFileType = sourcecode.c.objc; path = ViewController.m; sourceTree = "<group>"; };
		D7E82597234D7370006B170B /* Base */ = {isa = PBXFileReference; lastKnownFileType = file.storyboard; name = Base; path = Base.lproj/Main.storyboard; sourceTree = "<group>"; };
		D7E82599234D7372006B170B /* Assets.xcassets */ = {isa = PBXFileReference; lastKnownFileType = folder.assetcatalog; path = Assets.xcassets; sourceTree = "<group>"; };
		D7E8259C234D7372006B170B /* Base */ = {isa = PBXFileReference; lastKnownFileType = file.storyboard; name = Base; path = Base.lproj/LaunchScreen.storyboard; sourceTree = "<group>"; };
		D7E8259E234D7372006B170B /* Info.plist */ = {isa = PBXFileReference; lastKnownFileType = text.plist.xml; path = Info.plist; sourceTree = "<group>"; };
		D7E8259F234D7372006B170B /* main.m */ = {isa = PBXFileReference; lastKnownFileType = sourcecode.c.objc; path = main.m; sourceTree = "<group>"; };
		D7E825A5234D7372006B170B /* imTests.xctest */ = {isa = PBXFileReference; explicitFileType = wrapper.cfbundle; includeInIndex = 0; path = imTests.xctest; sourceTree = BUILT_PRODUCTS_DIR; };
		D7E825A9234D7372006B170B /* imTests.m */ = {isa = PBXFileReference; lastKnownFileType = sourcecode.c.objc; path = imTests.m; sourceTree = "<group>"; };
		D7E825AB234D7372006B170B /* Info.plist */ = {isa = PBXFileReference; lastKnownFileType = text.plist.xml; path = Info.plist; sourceTree = "<group>"; };
		D7E825B0234D7372006B170B /* imUITests.xctest */ = {isa = PBXFileReference; explicitFileType = wrapper.cfbundle; includeInIndex = 0; path = imUITests.xctest; sourceTree = BUILT_PRODUCTS_DIR; };
		D7E825B4234D7372006B170B /* imUITests.m */ = {isa = PBXFileReference; lastKnownFileType = sourcecode.c.objc; path = imUITests.m; sourceTree = "<group>"; };
		D7E825B6234D7372006B170B /* Info.plist */ = {isa = PBXFileReference; lastKnownFileType = text.plist.xml; path = Info.plist; sourceTree = "<group>"; };
/* End PBXFileReference section */

/* Begin PBXFrameworksBuildPhase section */
		D7E8258A234D7370006B170B /* Frameworks */ = {
			isa = PBXFrameworksBuildPhase;
			buildActionMask = 2147483647;
			files = (
			);
			runOnlyForDeploymentPostprocessing = 0;
		};
		D7E825A2234D7372006B170B /* Frameworks */ = {
			isa = PBXFrameworksBuildPhase;
			buildActionMask = 2147483647;
			files = (
			);
			runOnlyForDeploymentPostprocessing = 0;
		};
		D7E825AD234D7372006B170B /* Frameworks */ = {
			isa = PBXFrameworksBuildPhase;
			buildActionMask = 2147483647;
			files = (
			);
			runOnlyForDeploymentPostprocessing = 0;
		};
/* End PBXFrameworksBuildPhase section */

/* Begin PBXGroup section */
		D7E82584234D7370006B170B = {
			isa = PBXGroup;
			children = (
				D7E8258F234D7370006B170B /* im */,
				D7E825A8234D7372006B170B /* imTests */,
				D7E825B3234D7372006B170B /* imUITests */,
				D7E8258E234D7370006B170B /* Products */,
			);
			sourceTree = "<group>";
		};
		D7E8258E234D7370006B170B /* Products */ = {
			isa = PBXGroup;
			children = (
				D7E8258D234D7370006B170B /* im.app */,
				D7E825A5234D7372006B170B /* imTests.xctest */,
				D7E825B0234D7372006B170B /* imUITests.xctest */,
			);
			name = Products;
			sourceTree = "<group>";
		};
		D7E8258F234D7370006B170B /* im */ = {
			isa = PBXGroup;
			children = (
				D7E82590234D7370006B170B /* AppDelegate.h */,
				D7E82591234D7370006B170B /* AppDelegate.m */,
				D7E82593234D7370006B170B /* ViewController.h */,
				D7E82594234D7370006B170B /* ViewController.m */,
				D7E82596234D7370006B170B /* Main.storyboard */,
				D7E82599234D7372006B170B /* Assets.xcassets */,
				D7E8259B234D7372006B170B /* LaunchScreen.storyboard */,
				D7E8259E234D7372006B170B /* Info.plist */,
				D7E8259F234D7372006B170B /* main.m */,
			);
			path = im;
			sourceTree = "<group>";
		};
		D7E825A8234D7372006B170B /* imTests */ = {
			isa = PBXGroup;
			children = (
				D7E825A9234D7372006B170B /* imTests.m */,
				D7E825AB234D7372006B170B /* Info.plist */,
			);
			path = imTests;
			sourceTree = "<group>";
		};
		D7E825B3234D7372006B170B /* imUITests */ = {
			isa = PBXGroup;
			children = (
				D7E825B4234D7372006B170B /* imUITests.m */,
				D7E825B6234D7372006B170B /* Info.plist */,
			);
			path = imUITests;
			sourceTree = "<group>";
		};
/* End PBXGroup section */

/* Begin PBXNativeTarget section */
		D7E8258C234D7370006B170B /* im */ = {
			isa = PBXNativeTarget;
			buildConfigurationList = D7E825B9234D7372006B170B /* Build configuration list for PBXNativeTarget "im" */;
			buildPhases = (
				D7E82589234D7370006B170B /* Sources */,
				D7E8258A234D7370006B170B /* Frameworks */,
				D7E8258B234D7370006B170B /* Resources */,
			);
			buildRules = (
			);
			dependencies = (
			);
			name = im;
			productName = im;
			productReference = D7E8258D234D7370006B170B /* im.app */;
			productType = "com.apple.product-type.application";
		};
		D7E825A4234D7372006B170B /* imTests */ = {
			isa = PBXNativeTarget;
			buildConfigurationList = D7E825BC234D7372006B170B /* Build configuration list for PBXNativeTarget "imTests" */;
			buildPhases = (
				D7E825A1234D7372006B170B /* Sources */,
				D7E825A2234D7372006B170B /* Frameworks */,
				D7E825A3234D7372006B170B /* Resources */,
			);
			buildRules = (
			);
			dependencies = (
				D7E825A7234D7372006B170B /* PBXTargetDependency */,
			);
			name = imTests;
			productName = imTests;
			productReference = D7E825A5234D7372006B170B /* imTests.xctest */;
			productType = "com.apple.product-type.bundle.unit-test";
		};
		D7E825AF234D7372006B170B /* imUITests */ = {
			isa = PBXNativeTarget;
			buildConfigurationList = D7E825BF234D7372006B170B /* Build configuration list for PBXNativeTarget "imUITests" */;
			buildPhases = (
				D7E825AC234D7372006B170B /* Sources */,
				D7E825AD234D7372006B170B /* Frameworks */,
				D7E825AE234D7372006B170B /* Resources */,
			);
			buildRules = (
			);
			dependencies = (
				D7E825B2234D7372006B170B /* PBXTargetDependency */,
			);
			name = imUITests;
			productName = imUITests;
			productReference = D7E825B0234D7372006B170B /* imUITests.xctest */;
			productType = "com.apple.product-type.bundle.ui-testing";
		};
/* End PBXNativeTarget section */

/* Begin PBXProject section */
		D7E82585234D7370006B170B /* Project object */ = {
			isa = PBXProject;
			attributes = {
				LastUpgradeCheck = 1010;
				ORGANIZATIONNAME = "郭徽";
				TargetAttributes = {
					D7E8258C234D7370006B170B = {
						CreatedOnToolsVersion = 10.1;
					};
					D7E825A4234D7372006B170B = {
						CreatedOnToolsVersion = 10.1;
						TestTargetID = D7E8258C234D7370006B170B;
					};
					D7E825AF234D7372006B170B = {
						CreatedOnToolsVersion = 10.1;
						TestTargetID = D7E8258C234D7370006B170B;
					};
				};
			};
			buildConfigurationList = D7E82588234D7370006B170B /* Build configuration list for PBXProject "im" */;
			compatibilityVersion = "Xcode 9.3";
			developmentRegion = en;
			hasScannedForEncodings = 0;
			knownRegions = (
				en,
				Base,
			);
			mainGroup = D7E82584234D7370006B170B;
			productRefGroup = D7E8258E234D7370006B170B /* Products */;
			projectDirPath = "";
			projectRoot = "";
			targets = (
				D7E8258C234D7370006B170B /* im */,
				D7E825A4234D7372006B170B /* imTests */,
				D7E825AF234D7372006B170B /* imUITests */,
			);
		};
/* End PBXProject section */

/* Begin PBXResourcesBuildPhase section */
		D7E8258B234D7370006B170B /* Resources */ = {
			isa = PBXResourcesBuildPhase;
			buildActionMask = 2147483647;
			files = (
				D7E8259D234D7372006B170B /* LaunchScreen.storyboard in Resources */,
				D7E8259A234D7372006B170B /* Assets.xcassets in Resources */,
				D7E82598234D7370006B170B /* Main.storyboard in Resources */,
			);
			runOnlyForDeploymentPostprocessing = 0;
		};
		D7E825A3234D7372006B170B /* Resources */ = {
			isa = PBXResourcesBuildPhase;
			buildActionMask = 2147483647;
			files = (
			);
			runOnlyForDeploymentPostprocessing = 0;
		};
		D7E825AE234D7372006B170B /* Resources */ = {
			isa = PBXResourcesBuildPhase;
			buildActionMask = 2147483647;
			files = (
			);
			runOnlyForDeploymentPostprocessing = 0;
		};
/* End PBXResourcesBuildPhase section */

/* Begin PBXSourcesBuildPhase section */
		D7E82589234D7370006B170B /* Sources */ = {
			isa = PBXSourcesBuildPhase;
			buildActionMask = 2147483647;
			files = (
				D7E82595234D7370006B170B /* ViewController.m in Sources */,
				D7E825A0234D7372006B170B /* main.m in Sources */,
				D7E82592234D7370006B170B /* AppDelegate.m in Sources */,
			);
			runOnlyForDeploymentPostprocessing = 0;
		};
		D7E825A1234D7372006B170B /* Sources */ = {
			isa = PBXSourcesBuildPhase;
			buildActionMask = 2147483647;
			files = (
				D7E825AA234D7372006B170B /* imTests.m in Sources */,
			);
			runOnlyForDeploymentPostprocessing = 0;
		};
		D7E825AC234D7372006B170B /* Sources */ = {
			isa = PBXSourcesBuildPhase;
			buildActionMask = 2147483647;
			files = (
				D7E825B5234D7372006B170B /* imUITests.m in Sources */,
			);
			runOnlyForDeploymentPostprocessing = 0;
		};
/* End PBXSourcesBuildPhase section */

/* Begin PBXTargetDependency section */
		D7E825A7234D7372006B170B /* PBXTargetDependency */ = {
			isa = PBXTargetDependency;
			target = D7E8258C234D7370006B170B /* im */;
			targetProxy = D7E825A6234D7372006B170B /* PBXContainerItemProxy */;
		};
		D7E825B2234D7372006B170B /* PBXTargetDependency */ = {
			isa = PBXTargetDependency;
			target = D7E8258C234D7370006B170B /* im */;
			targetProxy = D7E825B1234D7372006B170B /* PBXContainerItemProxy */;
		};
/* End PBXTargetDependency section */

/* Begin PBXVariantGroup section */
		D7E82596234D7370006B170B /* Main.storyboard */ = {
			isa = PBXVariantGroup;
			children = (
				D7E82597234D7370006B170B /* Base */,
			);
			name = Main.storyboard;
			sourceTree = "<group>";
		};
		D7E8259B234D7372006B170B /* LaunchScreen.storyboard */ = {
			isa = PBXVariantGroup;
			children = (
				D7E8259C234D7372006B170B /* Base */,
			);
			name = LaunchScreen.storyboard;
			sourceTree = "<group>";
		};
/* End PBXVariantGroup section */

/* Begin XCBuildConfiguration section */
		D7E825B7234D7372006B170B /* Debug */ = {
			isa = XCBuildConfiguration;
			buildSettings = {
				ALWAYS_SEARCH_USER_PATHS = NO;
				CLANG_ANALYZER_NONNULL = YES;
				CLANG_ANALYZER_NUMBER_OBJECT_CONVERSION = YES_AGGRESSIVE;
				CLANG_CXX_LANGUAGE_STANDARD = "gnu++14";
				CLANG_CXX_LIBRARY = "libc++";
				CLANG_ENABLE_MODULES = YES;
				CLANG_ENABLE_OBJC_ARC = YES;
				CLANG_ENABLE_OBJC_WEAK = YES;
				CLANG_WARN_BLOCK_CAPTURE_AUTORELEASING = YES;
				CLANG_WARN_BOOL_CONVERSION = YES;
				CLANG_WARN_COMMA = YES;
				CLANG_WARN_CONSTANT_CONVERSION = YES;
				CLANG_WARN_DEPRECATED_OBJC_IMPLEMENTATIONS = YES;
				CLANG_WARN_DIRECT_OBJC_ISA_USAGE = YES_ERROR;
				CLANG_WARN_DOCUMENTATION_COMMENTS = YES;
				CLANG_WARN_EMPTY_BODY = YES;
				CLANG_WARN_ENUM_CONVERSION = YES;
				CLANG_WARN_INFINITE_RECURSION = YES;
				CLANG_WARN_INT_CONVERSION = YES;
				CLANG_WARN_NON_LITERAL_NULL_CONVERSION = YES;
				CLANG_WARN_OBJC_IMPLICIT_RETAIN_SELF = YES;
				CLANG_WARN_OBJC_LITERAL_CONVERSION = YES;
				CLANG_WARN_OBJC_ROOT_CLASS = YES_ERROR;
				CLANG_WARN_RANGE_LOOP_ANALYSIS = YES;
				CLANG_WARN_STRICT_PROTOTYPES = YES;
				CLANG_WARN_SUSPICIOUS_MOVE = YES;
				CLANG_WARN_UNGUARDED_AVAILABILITY = YES_AGGRESSIVE;
				CLANG_WARN_UNREACHABLE_CODE = YES;
				CLANG_WARN__DUPLICATE_METHOD_MATCH = YES;
				CODE_SIGN_IDENTITY = "iPhone Developer";
				COPY_PHASE_STRIP = NO;
				DEBUG_INFORMATION_FORMAT = dwarf;
				ENABLE_STRICT_OBJC_MSGSEND = YES;
				ENABLE_TESTABILITY = YES;
				GCC_C_LANGUAGE_STANDARD = gnu11;
				GCC_DYNAMIC_NO_PIC = NO;
				GCC_NO_COMMON_BLOCKS = YES;
				GCC_OPTIMIZATION_LEVEL = 0;
				GCC_PREPROCESSOR_DEFINITIONS = (
					"DEBUG=1",
					"$(inherited)",
				);
				GCC_WARN_64_TO_32_BIT_CONVERSION = YES;
				GCC_WARN_ABOUT_RETURN_TYPE = YES_ERROR;
				GCC_WARN_UNDECLARED_SELECTOR = YES;
				GCC_WARN_UNINITIALIZED_AUTOS = YES_AGGRESSIVE;
				GCC_WARN_UNUSED_FUNCTION = YES;
				GCC_WARN_UNUSED_VARIABLE = YES;
				IPHONEOS_DEPLOYMENT_TARGET = 12.1;
				MTL_ENABLE_DEBUG_INFO = INCLUDE_SOURCE;
				MTL_FAST_MATH = YES;
				ONLY_ACTIVE_ARCH = YES;
				SDKROOT = iphoneos;
			};
			name = Debug;
		};
		D7E825B8234D7372006B170B /* Release */ = {
			isa = XCBuildConfiguration;
			buildSettings = {
				ALWAYS_SEARCH_USER_PATHS = NO;
				CLANG_ANALYZER_NONNULL = YES;
				CLANG_ANALYZER_NUMBER_OBJECT_CONVERSION = YES_AGGRESSIVE;
				CLANG_CXX_LANGUAGE_STANDARD = "gnu++14";
				CLANG_CXX_LIBRARY = "libc++";
				CLANG_ENABLE_MODULES = YES;
				CLANG_ENABLE_OBJC_ARC = YES;
				CLANG_ENABLE_OBJC_WEAK = YES;
				CLANG_WARN_BLOCK_CAPTURE_AUTORELEASING = YES;
				CLANG_WARN_BOOL_CONVERSION = YES;
				CLANG_WARN_COMMA = YES;
				CLANG_WARN_CONSTANT_CONVERSION = YES;
				CLANG_WARN_DEPRECATED_OBJC_IMPLEMENTATIONS = YES;
				CLANG_WARN_DIRECT_OBJC_ISA_USAGE = YES_ERROR;
				CLANG_WARN_DOCUMENTATION_COMMENTS = YES;
				CLANG_WARN_EMPTY_BODY = YES;
				CLANG_WARN_ENUM_CONVERSION = YES;
				CLANG_WARN_INFINITE_RECURSION = YES;
				CLANG_WARN_INT_CONVERSION = YES;
				CLANG_WARN_NON_LITERAL_NULL_CONVERSION = YES;
				CLANG_WARN_OBJC_IMPLICIT_RETAIN_SELF = YES;
				CLANG_WARN_OBJC_LITERAL_CONVERSION = YES;
				CLANG_WARN_OBJC_ROOT_CLASS = YES_ERROR;
				CLANG_WARN_RANGE_LOOP_ANALYSIS = YES;
				CLANG_WARN_STRICT_PROTOTYPES = YES;
				CLANG_WARN_SUSPICIOUS_MOVE = YES;
				CLANG_WARN_UNGUARDED_AVAILABILITY = YES_AGGRESSIVE;
				CLANG_WARN_UNREACHABLE_CODE = YES;
				CLANG_WARN__DUPLICATE_METHOD_MATCH = YES;
				CODE_SIGN_IDENTITY = "iPhone Developer";
				COPY_PHASE_STRIP = NO;
				DEBUG_INFORMATION_FORMAT = "dwarf-with-dsym";
				ENABLE_NS_ASSERTIONS = NO;
				ENABLE_STRICT_OBJC_MSGSEND = YES;
				GCC_C_LANGUAGE_STANDARD = gnu11;
				GCC_NO_COMMON_BLOCKS = YES;
				GCC_WARN_64_TO_32_BIT_CONVERSION = YES;
				GCC_WARN_ABOUT_RETURN_TYPE = YES_ERROR;
				GCC_WARN_UNDECLARED_SELECTOR = YES;
				GCC_WARN_UNINITIALIZED_AUTOS = YES_AGGRESSIVE;
				GCC_WARN_UNUSED_FUNCTION = YES;
				GCC_WARN_UNUSED_VARIABLE = YES;
				IPHONEOS_DEPLOYMENT_TARGET = 12.1;
				MTL_ENABLE_DEBUG_INFO = NO;
				MTL_FAST_MATH = YES;
				SDKROOT = iphoneos;
				VALIDATE_PRODUCT = YES;
			};
			name = Release;
		};
		D7E825BA234D7372006B170B /* Debug */ = {
			isa = XCBuildConfiguration;
			buildSettings = {
				ASSETCATALOG_COMPILER_APPICON_NAME = AppIcon;
				CODE_SIGN_STYLE = Automatic;
				INFOPLIST_FILE = im/Info.plist;
				LD_RUNPATH_SEARCH_PATHS = (
					"$(inherited)",
					"@executable_path/Frameworks",
				);
				PRODUCT_BUNDLE_IDENTIFIER = com.AudioChangGuoHui.im;
				PRODUCT_NAME = "$(TARGET_NAME)";
				TARGETED_DEVICE_FAMILY = "1,2";
			};
			name = Debug;
		};
		D7E825BB234D7372006B170B /* Release */ = {
			isa = XCBuildConfiguration;
			buildSettings = {
				ASSETCATALOG_COMPILER_APPICON_NAME = AppIcon;
				CODE_SIGN_STYLE = Automatic;
				INFOPLIST_FILE = im/Info.plist;
				LD_RUNPATH_SEARCH_PATHS = (
					"$(inherited)",
					"@executable_path/Frameworks",
				);
				PRODUCT_BUNDLE_IDENTIFIER = com.AudioChangGuoHui.im;
				PRODUCT_NAME = "$(TARGET_NAME)";
				TARGETED_DEVICE_FAMILY = "1,2";
			};
			name = Release;
		};
		D7E825BD234D7372006B170B /* Debug */ = {
			isa = XCBuildConfiguration;
			buildSettings = {
				BUNDLE_LOADER = "$(TEST_HOST)";
				CODE_SIGN_STYLE = Automatic;
				INFOPLIST_FILE = imTests/Info.plist;
				LD_RUNPATH_SEARCH_PATHS = (
					"$(inherited)",
					"@executable_path/Frameworks",
					"@loader_path/Frameworks",
				);
				PRODUCT_BUNDLE_IDENTIFIER = com.AudioChangGuoHui.imTests;
				PRODUCT_NAME = "$(TARGET_NAME)";
				TARGETED_DEVICE_FAMILY = "1,2";
				TEST_HOST = "$(BUILT_PRODUCTS_DIR)/im.app/im";
			};
			name = Debug;
		};
		D7E825BE234D7372006B170B /* Release */ = {
			isa = XCBuildConfiguration;
			buildSettings = {
				BUNDLE_LOADER = "$(TEST_HOST)";
				CODE_SIGN_STYLE = Automatic;
				INFOPLIST_FILE = imTests/Info.plist;
				LD_RUNPATH_SEARCH_PATHS = (
					"$(inherited)",
					"@executable_path/Frameworks",
					"@loader_path/Frameworks",
				);
				PRODUCT_BUNDLE_IDENTIFIER = com.AudioChangGuoHui.imTests;
				PRODUCT_NAME = "$(TARGET_NAME)";
				TARGETED_DEVICE_FAMILY = "1,2";
				TEST_HOST = "$(BUILT_PRODUCTS_DIR)/im.app/im";
			};
			name = Release;
		};
		D7E825C0234D7372006B170B /* Debug */ = {
			isa = XCBuildConfiguration;
			buildSettings = {
				CODE_SIGN_STYLE = Automatic;
				INFOPLIST_FILE = imUITests/Info.plist;
				LD_RUNPATH_SEARCH_PATHS = (
					"$(inherited)",
					"@executable_path/Frameworks",
					"@loader_path/Frameworks",
				);
				PRODUCT_BUNDLE_IDENTIFIER = com.AudioChangGuoHui.imUITests;
				PRODUCT_NAME = "$(TARGET_NAME)";
				TARGETED_DEVICE_FAMILY = "1,2";
				TEST_TARGET_NAME = im;
			};
			name = Debug;
		};
		D7E825C1234D7372006B170B /* Release */ = {
			isa = XCBuildConfiguration;
			buildSettings = {
				CODE_SIGN_STYLE = Automatic;
				INFOPLIST_FILE = imUITests/Info.plist;
				LD_RUNPATH_SEARCH_PATHS = (
					"$(inherited)",
					"@executable_path/Frameworks",
					"@loader_path/Frameworks",
				);
				PRODUCT_BUNDLE_IDENTIFIER = com.AudioChangGuoHui.imUITests;
				PRODUCT_NAME = "$(TARGET_NAME)";
				TARGETED_DEVICE_FAMILY = "1,2";
				TEST_TARGET_NAME = im;
			};
			name = Release;
		};
/* End XCBuildConfiguration section */

/* Begin XCConfigurationList section */
		D7E82588234D7370006B170B /* Build configuration list for PBXProject "im" */ = {
			isa = XCConfigurationList;
			buildConfigurations = (
				D7E825B7234D7372006B170B /* Debug */,
				D7E825B8234D7372006B170B /* Release */,
			);
			defaultConfigurationIsVisible = 0;
			defaultConfigurationName = Release;
		};
		D7E825B9234D7372006B170B /* Build configuration list for PBXNativeTarget "im" */ = {
			isa = XCConfigurationList;
			buildConfigurations = (
				D7E825BA234D7372006B170B /* Debug */,
				D7E825BB234D7372006B170B /* Release */,
			);
			defaultConfigurationIsVisible = 0;
			defaultConfigurationName = Release;
		};
		D7E825BC234D7372006B170B /* Build configuration list for PBXNativeTarget "imTests" */ = {
			isa = XCConfigurationList;
			buildConfigurations = (
				D7E825BD234D7372006B170B /* Debug */,
				D7E825BE234D7372006B170B /* Release */,
			);
			defaultConfigurationIsVisible = 0;
			defaultConfigurationName = Release;
		};
		D7E825BF234D7372006B170B /* Build configuration list for PBXNativeTarget "imUITests" */ = {
			isa = XCConfigurationList;
			buildConfigurations = (
				D7E825C0234D7372006B170B /* Debug */,
				D7E825C1234D7372006B170B /* Release */,
			);
			defaultConfigurationIsVisible = 0;
			defaultConfigurationName = Release;
		};
/* End XCConfigurationList section */
	};
	rootObject = D7E82585234D7370006B170B /* Project object */;
}
